
Microsoft Visual Studio Solution File, Format Version 12.00
# Visual Studio Version 16
VisualStudioVersion = 16.0.28803.202
MinimumVisualStudioVersion = 10.0.40219.1
Project("{FAE04EC0-301F-11D3-BF4B-00C04F79EFBC}") = "RESTier608", "RESTier608\RESTier608.csproj", "{C62F7A9B-F51E-41CC-B01D-439DDAAE0FE3}"
EndProject
Global
	GlobalSection(SolutionConfigurationPlatforms) = preSolution
		Debug|Any CPU = Debug|Any CPU
		Release|Any CPU = Release|Any CPU
	EndGlobalSection
	GlobalSection(ProjectConfigurationPlatforms) = postSolution
		{C62F7A9B-F51E-41CC-B01D-439DDAAE0FE3}.Debug|Any CPU.ActiveCfg = Debug|Any CPU
		{C62F7A9B-F51E-41CC-B01D-439DDAAE0FE3}.Debug|Any CPU.Build.0 = Debug|Any CPU
		{C62F7A9B-F51E-41CC-B01D-439DDAAE0FE3}.Release|Any CPU.ActiveCfg = Release|Any CPU
		{C62F7A9B-F51E-41CC-B01D-439DDAAE0FE3}.Release|Any CPU.Build.0 = Release|Any CPU
	EndGlobalSection
	GlobalSection(SolutionProperties) = preSolution
		HideSolutionNode = FALSE
	EndGlobalSection
	GlobalSection(ExtensibilityGlobals) = postSolution
		SolutionGuid = {4F64D9BB-DDE2-4EB0-8908-FF7365DDFE2E}
	EndGlobalSection
EndGlobal
